// !$*UTF8*$!
{
	archiveVersion = 1;
	classes = {
	};
	objectVersion = 56;
	objects = {

/* Begin PBXBuildFile section */
		17811A872AE735A800B427CA /* APIClientHeaders.swift in Sources */ = {isa = PBXBuildFile; fileRef = 17811A862AE735A800B427CA /* APIClientHeaders.swift */; };
		17811A8A2AE7384800B427CA /* .gitignore in Resources */ = {isa = PBXBuildFile; fileRef = 17811A892AE7384800B427CA /* .gitignore */; };
		17C8C2412AE6C0BE0070321E /* EpisodeApp.swift in Sources */ = {isa = PBXBuildFile; fileRef = 17C8C2402AE6C0BE0070321E /* EpisodeApp.swift */; };
		17C8C2432AE6C0BE0070321E /* ContentView.swift in Sources */ = {isa = PBXBuildFile; fileRef = 17C8C2422AE6C0BE0070321E /* ContentView.swift */; };
		17C8C2452AE6C0BF0070321E /* Assets.xcassets in Resources */ = {isa = PBXBuildFile; fileRef = 17C8C2442AE6C0BF0070321E /* Assets.xcassets */; };
		17C8C2482AE6C0BF0070321E /* Preview Assets.xcassets in Resources */ = {isa = PBXBuildFile; fileRef = 17C8C2472AE6C0BF0070321E /* Preview Assets.xcassets */; };
		17C8C2522AE6C0C00070321E /* EpisodeTests.swift in Sources */ = {isa = PBXBuildFile; fileRef = 17C8C2512AE6C0C00070321E /* EpisodeTests.swift */; };
		17C8C25C2AE6C0C00070321E /* EpisodeUITests.swift in Sources */ = {isa = PBXBuildFile; fileRef = 17C8C25B2AE6C0C00070321E /* EpisodeUITests.swift */; };
		17C8C25E2AE6C0C00070321E /* EpisodeUITestsLaunchTests.swift in Sources */ = {isa = PBXBuildFile; fileRef = 17C8C25D2AE6C0C00070321E /* EpisodeUITestsLaunchTests.swift */; };
		17C8C26B2AE6C6200070321E /* TestDataView.swift in Sources */ = {isa = PBXBuildFile; fileRef = 17C8C26A2AE6C6200070321E /* TestDataView.swift */; };
		17C8C2722AE6C8B40070321E /* APIClient.swift in Sources */ = {isa = PBXBuildFile; fileRef = 17C8C2712AE6C8B40070321E /* APIClient.swift */; };
		17C8C2742AE6CFD10070321E /* TVShow.swift in Sources */ = {isa = PBXBuildFile; fileRef = 17C8C2732AE6CFD10070321E /* TVShow.swift */; };
/* End PBXBuildFile section */

/* Begin PBXContainerItemProxy section */
		17C8C24E2AE6C0C00070321E /* PBXContainerItemProxy */ = {
			isa = PBXContainerItemProxy;
			containerPortal = 17C8C2352AE6C0BE0070321E /* Project object */;
			proxyType = 1;
			remoteGlobalIDString = 17C8C23C2AE6C0BE0070321E;
			remoteInfo = Episode;
		};
		17C8C2582AE6C0C00070321E /* PBXContainerItemProxy */ = {
			isa = PBXContainerItemProxy;
			containerPortal = 17C8C2352AE6C0BE0070321E /* Project object */;
			proxyType = 1;
			remoteGlobalIDString = 17C8C23C2AE6C0BE0070321E;
			remoteInfo = Episode;
		};
/* End PBXContainerItemProxy section */

/* Begin PBXFileReference section */
		17811A862AE735A800B427CA /* APIClientHeaders.swift */ = {isa = PBXFileReference; lastKnownFileType = sourcecode.swift; path = APIClientHeaders.swift; sourceTree = "<group>"; };
		17811A892AE7384800B427CA /* .gitignore */ = {isa = PBXFileReference; lastKnownFileType = text; path = .gitignore; sourceTree = "<group>"; };
		17C8C23D2AE6C0BE0070321E /* Episode.app */ = {isa = PBXFileReference; explicitFileType = wrapper.application; includeInIndex = 0; path = Episode.app; sourceTree = BUILT_PRODUCTS_DIR; };
		17C8C2402AE6C0BE0070321E /* EpisodeApp.swift */ = {isa = PBXFileReference; lastKnownFileType = sourcecode.swift; path = EpisodeApp.swift; sourceTree = "<group>"; };
		17C8C2422AE6C0BE0070321E /* ContentView.swift */ = {isa = PBXFileReference; lastKnownFileType = sourcecode.swift; path = ContentView.swift; sourceTree = "<group>"; };
		17C8C2442AE6C0BF0070321E /* Assets.xcassets */ = {isa = PBXFileReference; lastKnownFileType = folder.assetcatalog; path = Assets.xcassets; sourceTree = "<group>"; };
		17C8C2472AE6C0BF0070321E /* Preview Assets.xcassets */ = {isa = PBXFileReference; lastKnownFileType = folder.assetcatalog; path = "Preview Assets.xcassets"; sourceTree = "<group>"; };
		17C8C24D2AE6C0C00070321E /* EpisodeTests.xctest */ = {isa = PBXFileReference; explicitFileType = wrapper.cfbundle; includeInIndex = 0; path = EpisodeTests.xctest; sourceTree = BUILT_PRODUCTS_DIR; };
		17C8C2512AE6C0C00070321E /* EpisodeTests.swift */ = {isa = PBXFileReference; lastKnownFileType = sourcecode.swift; path = EpisodeTests.swift; sourceTree = "<group>"; };
		17C8C2572AE6C0C00070321E /* EpisodeUITests.xctest */ = {isa = PBXFileReference; explicitFileType = wrapper.cfbundle; includeInIndex = 0; path = EpisodeUITests.xctest; sourceTree = BUILT_PRODUCTS_DIR; };
		17C8C25B2AE6C0C00070321E /* EpisodeUITests.swift */ = {isa = PBXFileReference; lastKnownFileType = sourcecode.swift; path = EpisodeUITests.swift; sourceTree = "<group>"; };
		17C8C25D2AE6C0C00070321E /* EpisodeUITestsLaunchTests.swift */ = {isa = PBXFileReference; lastKnownFileType = sourcecode.swift; path = EpisodeUITestsLaunchTests.swift; sourceTree = "<group>"; };
		17C8C26A2AE6C6200070321E /* TestDataView.swift */ = {isa = PBXFileReference; lastKnownFileType = sourcecode.swift; path = TestDataView.swift; sourceTree = "<group>"; };
		17C8C2712AE6C8B40070321E /* APIClient.swift */ = {isa = PBXFileReference; lastKnownFileType = sourcecode.swift; path = APIClient.swift; sourceTree = "<group>"; };
		17C8C2732AE6CFD10070321E /* TVShow.swift */ = {isa = PBXFileReference; lastKnownFileType = sourcecode.swift; path = TVShow.swift; sourceTree = "<group>"; };
/* End PBXFileReference section */

/* Begin PBXFrameworksBuildPhase section */
		17C8C23A2AE6C0BE0070321E /* Frameworks */ = {
			isa = PBXFrameworksBuildPhase;
			buildActionMask = 2147483647;
			files = (
			);
			runOnlyForDeploymentPostprocessing = 0;
		};
		17C8C24A2AE6C0C00070321E /* Frameworks */ = {
			isa = PBXFrameworksBuildPhase;
			buildActionMask = 2147483647;
			files = (
			);
			runOnlyForDeploymentPostprocessing = 0;
		};
		17C8C2542AE6C0C00070321E /* Frameworks */ = {
			isa = PBXFrameworksBuildPhase;
			buildActionMask = 2147483647;
			files = (
			);
			runOnlyForDeploymentPostprocessing = 0;
		};
/* End PBXFrameworksBuildPhase section */

/* Begin PBXGroup section */
		17C8C2342AE6C0BE0070321E = {
			isa = PBXGroup;
			children = (
				17811A892AE7384800B427CA /* .gitignore */,
				17C8C23F2AE6C0BE0070321E /* Episode */,
				17C8C2502AE6C0C00070321E /* EpisodeTests */,
				17C8C25A2AE6C0C00070321E /* EpisodeUITests */,
				17C8C23E2AE6C0BE0070321E /* Products */,
			);
			sourceTree = "<group>";
		};
		17C8C23E2AE6C0BE0070321E /* Products */ = {
			isa = PBXGroup;
			children = (
				17C8C23D2AE6C0BE0070321E /* Episode.app */,
				17C8C24D2AE6C0C00070321E /* EpisodeTests.xctest */,
				17C8C2572AE6C0C00070321E /* EpisodeUITests.xctest */,
			);
			name = Products;
			sourceTree = "<group>";
		};
		17C8C23F2AE6C0BE0070321E /* Episode */ = {
			isa = PBXGroup;
			children = (
				17C8C2702AE6C8830070321E /* ViewModifiers */,
				17C8C26F2AE6C6C60070321E /* Modules */,
				17C8C26E2AE6C6B70070321E /* Pages */,
				17C8C26D2AE6C6590070321E /* Views */,
				17C8C26C2AE6C6400070321E /* Models */,
				17C8C2402AE6C0BE0070321E /* EpisodeApp.swift */,
				17C8C26A2AE6C6200070321E /* TestDataView.swift */,
				17C8C2422AE6C0BE0070321E /* ContentView.swift */,
				17C8C2442AE6C0BF0070321E /* Assets.xcassets */,
				17C8C2462AE6C0BF0070321E /* Preview Content */,
			);
			path = Episode;
			sourceTree = "<group>";
		};
		17C8C2462AE6C0BF0070321E /* Preview Content */ = {
			isa = PBXGroup;
			children = (
				17C8C2472AE6C0BF0070321E /* Preview Assets.xcassets */,
			);
			path = "Preview Content";
			sourceTree = "<group>";
		};
		17C8C2502AE6C0C00070321E /* EpisodeTests */ = {
			isa = PBXGroup;
			children = (
				17C8C2512AE6C0C00070321E /* EpisodeTests.swift */,
			);
			path = EpisodeTests;
			sourceTree = "<group>";
		};
		17C8C25A2AE6C0C00070321E /* EpisodeUITests */ = {
			isa = PBXGroup;
			children = (
				17C8C25B2AE6C0C00070321E /* EpisodeUITests.swift */,
				17C8C25D2AE6C0C00070321E /* EpisodeUITestsLaunchTests.swift */,
			);
			path = EpisodeUITests;
			sourceTree = "<group>";
		};
		17C8C26C2AE6C6400070321E /* Models */ = {
			isa = PBXGroup;
			children = (
				17C8C2732AE6CFD10070321E /* TVShow.swift */,
			);
			path = Models;
			sourceTree = "<group>";
		};
		17C8C26D2AE6C6590070321E /* Views */ = {
			isa = PBXGroup;
			children = (
			);
			path = Views;
			sourceTree = "<group>";
		};
		17C8C26E2AE6C6B70070321E /* Pages */ = {
			isa = PBXGroup;
			children = (
			);
			path = Pages;
			sourceTree = "<group>";
		};
		17C8C26F2AE6C6C60070321E /* Modules */ = {
			isa = PBXGroup;
			children = (
				17C8C2712AE6C8B40070321E /* APIClient.swift */,
				17811A862AE735A800B427CA /* APIClientHeaders.swift */,
			);
			path = Modules;
			sourceTree = "<group>";
		};
		17C8C2702AE6C8830070321E /* ViewModifiers */ = {
			isa = PBXGroup;
			children = (
			);
			path = ViewModifiers;
			sourceTree = "<group>";
		};
/* End PBXGroup section */

/* Begin PBXNativeTarget section */
		17C8C23C2AE6C0BE0070321E /* Episode */ = {
			isa = PBXNativeTarget;
			buildConfigurationList = 17C8C2612AE6C0C00070321E /* Build configuration list for PBXNativeTarget "Episode" */;
			buildPhases = (
				17C8C2392AE6C0BE0070321E /* Sources */,
				17C8C23A2AE6C0BE0070321E /* Frameworks */,
				17C8C23B2AE6C0BE0070321E /* Resources */,
			);
			buildRules = (
			);
			dependencies = (
			);
			name = Episode;
			productName = Episode;
			productReference = 17C8C23D2AE6C0BE0070321E /* Episode.app */;
			productType = "com.apple.product-type.application";
		};
		17C8C24C2AE6C0C00070321E /* EpisodeTests */ = {
			isa = PBXNativeTarget;
			buildConfigurationList = 17C8C2642AE6C0C00070321E /* Build configuration list for PBXNativeTarget "EpisodeTests" */;
			buildPhases = (
				17C8C2492AE6C0C00070321E /* Sources */,
				17C8C24A2AE6C0C00070321E /* Frameworks */,
				17C8C24B2AE6C0C00070321E /* Resources */,
			);
			buildRules = (
			);
			dependencies = (
				17C8C24F2AE6C0C00070321E /* PBXTargetDependency */,
			);
			name = EpisodeTests;
			productName = EpisodeTests;
			productReference = 17C8C24D2AE6C0C00070321E /* EpisodeTests.xctest */;
			productType = "com.apple.product-type.bundle.unit-test";
		};
		17C8C2562AE6C0C00070321E /* EpisodeUITests */ = {
			isa = PBXNativeTarget;
			buildConfigurationList = 17C8C2672AE6C0C00070321E /* Build configuration list for PBXNativeTarget "EpisodeUITests" */;
			buildPhases = (
				17C8C2532AE6C0C00070321E /* Sources */,
				17C8C2542AE6C0C00070321E /* Frameworks */,
				17C8C2552AE6C0C00070321E /* Resources */,
			);
			buildRules = (
			);
			dependencies = (
				17C8C2592AE6C0C00070321E /* PBXTargetDependency */,
			);
			name = EpisodeUITests;
			productName = EpisodeUITests;
			productReference = 17C8C2572AE6C0C00070321E /* EpisodeUITests.xctest */;
			productType = "com.apple.product-type.bundle.ui-testing";
		};
/* End PBXNativeTarget section */

/* Begin PBXProject section */
		17C8C2352AE6C0BE0070321E /* Project object */ = {
			isa = PBXProject;
			attributes = {
				BuildIndependentTargetsInParallel = 1;
				LastSwiftUpdateCheck = 1500;
				LastUpgradeCheck = 1500;
				TargetAttributes = {
					17C8C23C2AE6C0BE0070321E = {
						CreatedOnToolsVersion = 15.0.1;
					};
					17C8C24C2AE6C0C00070321E = {
						CreatedOnToolsVersion = 15.0.1;
						TestTargetID = 17C8C23C2AE6C0BE0070321E;
					};
					17C8C2562AE6C0C00070321E = {
						CreatedOnToolsVersion = 15.0.1;
						TestTargetID = 17C8C23C2AE6C0BE0070321E;
					};
				};
			};
			buildConfigurationList = 17C8C2382AE6C0BE0070321E /* Build configuration list for PBXProject "Episode" */;
			compatibilityVersion = "Xcode 14.0";
			developmentRegion = en;
			hasScannedForEncodings = 0;
			knownRegions = (
				en,
				Base,
			);
			mainGroup = 17C8C2342AE6C0BE0070321E;
			productRefGroup = 17C8C23E2AE6C0BE0070321E /* Products */;
			projectDirPath = "";
			projectRoot = "";
			targets = (
				17C8C23C2AE6C0BE0070321E /* Episode */,
				17C8C24C2AE6C0C00070321E /* EpisodeTests */,
				17C8C2562AE6C0C00070321E /* EpisodeUITests */,
			);
		};
/* End PBXProject section */

/* Begin PBXResourcesBuildPhase section */
		17C8C23B2AE6C0BE0070321E /* Resources */ = {
			isa = PBXResourcesBuildPhase;
			buildActionMask = 2147483647;
			files = (
				17C8C2482AE6C0BF0070321E /* Preview Assets.xcassets in Resources */,
				17811A8A2AE7384800B427CA /* .gitignore in Resources */,
				17C8C2452AE6C0BF0070321E /* Assets.xcassets in Resources */,
			);
			runOnlyForDeploymentPostprocessing = 0;
		};
		17C8C24B2AE6C0C00070321E /* Resources */ = {
			isa = PBXResourcesBuildPhase;
			buildActionMask = 2147483647;
			files = (
			);
			runOnlyForDeploymentPostprocessing = 0;
		};
		17C8C2552AE6C0C00070321E /* Resources */ = {
			isa = PBXResourcesBuildPhase;
			buildActionMask = 2147483647;
			files = (
			);
			runOnlyForDeploymentPostprocessing = 0;
		};
/* End PBXResourcesBuildPhase section */

/* Begin PBXSourcesBuildPhase section */
		17C8C2392AE6C0BE0070321E /* Sources */ = {
			isa = PBXSourcesBuildPhase;
			buildActionMask = 2147483647;
			files = (
				17C8C2432AE6C0BE0070321E /* ContentView.swift in Sources */,
				17C8C26B2AE6C6200070321E /* TestDataView.swift in Sources */,
				17811A872AE735A800B427CA /* APIClientHeaders.swift in Sources */,
				17C8C2412AE6C0BE0070321E /* EpisodeApp.swift in Sources */,
				17C8C2742AE6CFD10070321E /* TVShow.swift in Sources */,
				17C8C2722AE6C8B40070321E /* APIClient.swift in Sources */,
			);
			runOnlyForDeploymentPostprocessing = 0;
		};
		17C8C2492AE6C0C00070321E /* Sources */ = {
			isa = PBXSourcesBuildPhase;
			buildActionMask = 2147483647;
			files = (
				17C8C2522AE6C0C00070321E /* EpisodeTests.swift in Sources */,
			);
			runOnlyForDeploymentPostprocessing = 0;
		};
		17C8C2532AE6C0C00070321E /* Sources */ = {
			isa = PBXSourcesBuildPhase;
			buildActionMask = 2147483647;
			files = (
				17C8C25E2AE6C0C00070321E /* EpisodeUITestsLaunchTests.swift in Sources */,
				17C8C25C2AE6C0C00070321E /* EpisodeUITests.swift in Sources */,
			);
			runOnlyForDeploymentPostprocessing = 0;
		};
/* End PBXSourcesBuildPhase section */

/* Begin PBXTargetDependency section */
		17C8C24F2AE6C0C00070321E /* PBXTargetDependency */ = {
			isa = PBXTargetDependency;
			target = 17C8C23C2AE6C0BE0070321E /* Episode */;
			targetProxy = 17C8C24E2AE6C0C00070321E /* PBXContainerItemProxy */;
		};
		17C8C2592AE6C0C00070321E /* PBXTargetDependency */ = {
			isa = PBXTargetDependency;
			target = 17C8C23C2AE6C0BE0070321E /* Episode */;
			targetProxy = 17C8C2582AE6C0C00070321E /* PBXContainerItemProxy */;
		};
/* End PBXTargetDependency section */

/* Begin XCBuildConfiguration section */
		17C8C25F2AE6C0C00070321E /* Debug */ = {
			isa = XCBuildConfiguration;
			buildSettings = {
				ALWAYS_SEARCH_USER_PATHS = NO;
				ASSETCATALOG_COMPILER_GENERATE_SWIFT_ASSET_SYMBOL_EXTENSIONS = YES;
				CLANG_ANALYZER_NONNULL = YES;
				CLANG_ANALYZER_NUMBER_OBJECT_CONVERSION = YES_AGGRESSIVE;
				CLANG_CXX_LANGUAGE_STANDARD = "gnu++20";
				CLANG_ENABLE_MODULES = YES;
				CLANG_ENABLE_OBJC_ARC = YES;
				CLANG_ENABLE_OBJC_WEAK = YES;
				CLANG_WARN_BLOCK_CAPTURE_AUTORELEASING = YES;
				CLANG_WARN_BOOL_CONVERSION = YES;
				CLANG_WARN_COMMA = YES;
				CLANG_WARN_CONSTANT_CONVERSION = YES;
				CLANG_WARN_DEPRECATED_OBJC_IMPLEMENTATIONS = YES;
				CLANG_WARN_DIRECT_OBJC_ISA_USAGE = YES_ERROR;
				CLANG_WARN_DOCUMENTATION_COMMENTS = YES;
				CLANG_WARN_EMPTY_BODY = YES;
				CLANG_WARN_ENUM_CONVERSION = YES;
				CLANG_WARN_INFINITE_RECURSION = YES;
				CLANG_WARN_INT_CONVERSION = YES;
				CLANG_WARN_NON_LITERAL_NULL_CONVERSION = YES;
				CLANG_WARN_OBJC_IMPLICIT_RETAIN_SELF = YES;
				CLANG_WARN_OBJC_LITERAL_CONVERSION = YES;
				CLANG_WARN_OBJC_ROOT_CLASS = YES_ERROR;
				CLANG_WARN_QUOTED_INCLUDE_IN_FRAMEWORK_HEADER = YES;
				CLANG_WARN_RANGE_LOOP_ANALYSIS = YES;
				CLANG_WARN_STRICT_PROTOTYPES = YES;
				CLANG_WARN_SUSPICIOUS_MOVE = YES;
				CLANG_WARN_UNGUARDED_AVAILABILITY = YES_AGGRESSIVE;
				CLANG_WARN_UNREACHABLE_CODE = YES;
				CLANG_WARN__DUPLICATE_METHOD_MATCH = YES;
				COPY_PHASE_STRIP = NO;
				DEBUG_INFORMATION_FORMAT = dwarf;
				ENABLE_STRICT_OBJC_MSGSEND = YES;
				ENABLE_TESTABILITY = YES;
				ENABLE_USER_SCRIPT_SANDBOXING = YES;
				GCC_C_LANGUAGE_STANDARD = gnu17;
				GCC_DYNAMIC_NO_PIC = NO;
				GCC_NO_COMMON_BLOCKS = YES;
				GCC_OPTIMIZATION_LEVEL = 0;
				GCC_PREPROCESSOR_DEFINITIONS = (
					"DEBUG=1",
					"$(inherited)",
				);
				GCC_WARN_64_TO_32_BIT_CONVERSION = YES;
				GCC_WARN_ABOUT_RETURN_TYPE = YES_ERROR;
				GCC_WARN_UNDECLARED_SELECTOR = YES;
				GCC_WARN_UNINITIALIZED_AUTOS = YES_AGGRESSIVE;
				GCC_WARN_UNUSED_FUNCTION = YES;
				GCC_WARN_UNUSED_VARIABLE = YES;
				IPHONEOS_DEPLOYMENT_TARGET = 17.0;
				LOCALIZATION_PREFERS_STRING_CATALOGS = YES;
				MTL_ENABLE_DEBUG_INFO = INCLUDE_SOURCE;
				MTL_FAST_MATH = YES;
				ONLY_ACTIVE_ARCH = YES;
				SDKROOT = iphoneos;
				SWIFT_ACTIVE_COMPILATION_CONDITIONS = "DEBUG $(inherited)";
				SWIFT_OPTIMIZATION_LEVEL = "-Onone";
			};
			name = Debug;
		};
		17C8C2602AE6C0C00070321E /* Release */ = {
			isa = XCBuildConfiguration;
			buildSettings = {
				ALWAYS_SEARCH_USER_PATHS = NO;
				ASSETCATALOG_COMPILER_GENERATE_SWIFT_ASSET_SYMBOL_EXTENSIONS = YES;
				CLANG_ANALYZER_NONNULL = YES;
				CLANG_ANALYZER_NUMBER_OBJECT_CONVERSION = YES_AGGRESSIVE;
				CLANG_CXX_LANGUAGE_STANDARD = "gnu++20";
				CLANG_ENABLE_MODULES = YES;
				CLANG_ENABLE_OBJC_ARC = YES;
				CLANG_ENABLE_OBJC_WEAK = YES;
				CLANG_WARN_BLOCK_CAPTURE_AUTORELEASING = YES;
				CLANG_WARN_BOOL_CONVERSION = YES;
				CLANG_WARN_COMMA = YES;
				CLANG_WARN_CONSTANT_CONVERSION = YES;
				CLANG_WARN_DEPRECATED_OBJC_IMPLEMENTATIONS = YES;
				CLANG_WARN_DIRECT_OBJC_ISA_USAGE = YES_ERROR;
				CLANG_WARN_DOCUMENTATION_COMMENTS = YES;
				CLANG_WARN_EMPTY_BODY = YES;
				CLANG_WARN_ENUM_CONVERSION = YES;
				CLANG_WARN_INFINITE_RECURSION = YES;
				CLANG_WARN_INT_CONVERSION = YES;
				CLANG_WARN_NON_LITERAL_NULL_CONVERSION = YES;
				CLANG_WARN_OBJC_IMPLICIT_RETAIN_SELF = YES;
				CLANG_WARN_OBJC_LITERAL_CONVERSION = YES;
				CLANG_WARN_OBJC_ROOT_CLASS = YES_ERROR;
				CLANG_WARN_QUOTED_INCLUDE_IN_FRAMEWORK_HEADER = YES;
				CLANG_WARN_RANGE_LOOP_ANALYSIS = YES;
				CLANG_WARN_STRICT_PROTOTYPES = YES;
				CLANG_WARN_SUSPICIOUS_MOVE = YES;
				CLANG_WARN_UNGUARDED_AVAILABILITY = YES_AGGRESSIVE;
				CLANG_WARN_UNREACHABLE_CODE = YES;
				CLANG_WARN__DUPLICATE_METHOD_MATCH = YES;
				COPY_PHASE_STRIP = NO;
				DEBUG_INFORMATION_FORMAT = "dwarf-with-dsym";
				ENABLE_NS_ASSERTIONS = NO;
				ENABLE_STRICT_OBJC_MSGSEND = YES;
				ENABLE_USER_SCRIPT_SANDBOXING = YES;
				GCC_C_LANGUAGE_STANDARD = gnu17;
				GCC_NO_COMMON_BLOCKS = YES;
				GCC_WARN_64_TO_32_BIT_CONVERSION = YES;
				GCC_WARN_ABOUT_RETURN_TYPE = YES_ERROR;
				GCC_WARN_UNDECLARED_SELECTOR = YES;
				GCC_WARN_UNINITIALIZED_AUTOS = YES_AGGRESSIVE;
				GCC_WARN_UNUSED_FUNCTION = YES;
				GCC_WARN_UNUSED_VARIABLE = YES;
				IPHONEOS_DEPLOYMENT_TARGET = 17.0;
				LOCALIZATION_PREFERS_STRING_CATALOGS = YES;
				MTL_ENABLE_DEBUG_INFO = NO;
				MTL_FAST_MATH = YES;
				SDKROOT = iphoneos;
				SWIFT_COMPILATION_MODE = wholemodule;
				VALIDATE_PRODUCT = YES;
			};
			name = Release;
		};
		17C8C2622AE6C0C00070321E /* Debug */ = {
			isa = XCBuildConfiguration;
			buildSettings = {
				ASSETCATALOG_COMPILER_APPICON_NAME = AppIcon;
				ASSETCATALOG_COMPILER_GLOBAL_ACCENT_COLOR_NAME = AccentColor;
				CODE_SIGN_STYLE = Automatic;
				CURRENT_PROJECT_VERSION = 1;
				DEVELOPMENT_ASSET_PATHS = "\"Episode/Preview Content\"";
				ENABLE_PREVIEWS = YES;
				GENERATE_INFOPLIST_FILE = YES;
				INFOPLIST_KEY_UIApplicationSceneManifest_Generation = YES;
				INFOPLIST_KEY_UIApplicationSupportsIndirectInputEvents = YES;
				INFOPLIST_KEY_UILaunchScreen_Generation = YES;
				INFOPLIST_KEY_UISupportedInterfaceOrientations_iPad = "UIInterfaceOrientationPortrait UIInterfaceOrientationPortraitUpsideDown UIInterfaceOrientationLandscapeLeft UIInterfaceOrientationLandscapeRight";
				INFOPLIST_KEY_UISupportedInterfaceOrientations_iPhone = "UIInterfaceOrientationPortrait UIInterfaceOrientationLandscapeLeft UIInterfaceOrientationLandscapeRight";
				LD_RUNPATH_SEARCH_PATHS = (
					"$(inherited)",
					"@executable_path/Frameworks",
				);
				MARKETING_VERSION = 1.0;
				PRODUCT_BUNDLE_IDENTIFIER = Engell.Episode;
				PRODUCT_NAME = "$(TARGET_NAME)";
				SWIFT_EMIT_LOC_STRINGS = YES;
				SWIFT_VERSION = 5.0;
				TARGETED_DEVICE_FAMILY = "1,2";
			};
			name = Debug;
		};
		17C8C2632AE6C0C00070321E /* Release */ = {
			isa = XCBuildConfiguration;
			buildSettings = {
				ASSETCATALOG_COMPILER_APPICON_NAME = AppIcon;
				ASSETCATALOG_COMPILER_GLOBAL_ACCENT_COLOR_NAME = AccentColor;
				CODE_SIGN_STYLE = Automatic;
				CURRENT_PROJECT_VERSION = 1;
				DEVELOPMENT_ASSET_PATHS = "\"Episode/Preview Content\"";
				ENABLE_PREVIEWS = YES;
				GENERATE_INFOPLIST_FILE = YES;
				INFOPLIST_KEY_UIApplicationSceneManifest_Generation = YES;
				INFOPLIST_KEY_UIApplicationSupportsIndirectInputEvents = YES;
				INFOPLIST_KEY_UILaunchScreen_Generation = YES;
				INFOPLIST_KEY_UISupportedInterfaceOrientations_iPad = "UIInterfaceOrientationPortrait UIInterfaceOrientationPortraitUpsideDown UIInterfaceOrientationLandscapeLeft UIInterfaceOrientationLandscapeRight";
				INFOPLIST_KEY_UISupportedInterfaceOrientations_iPhone = "UIInterfaceOrientationPortrait UIInterfaceOrientationLandscapeLeft UIInterfaceOrientationLandscapeRight";
				LD_RUNPATH_SEARCH_PATHS = (
					"$(inherited)",
					"@executable_path/Frameworks",
				);
				MARKETING_VERSION = 1.0;
				PRODUCT_BUNDLE_IDENTIFIER = Engell.Episode;
				PRODUCT_NAME = "$(TARGET_NAME)";
				SWIFT_EMIT_LOC_STRINGS = YES;
				SWIFT_VERSION = 5.0;
				TARGETED_DEVICE_FAMILY = "1,2";
			};
			name = Release;
		};
		17C8C2652AE6C0C00070321E /* Debug */ = {
			isa = XCBuildConfiguration;
			buildSettings = {
				ALWAYS_EMBED_SWIFT_STANDARD_LIBRARIES = YES;
				BUNDLE_LOADER = "$(TEST_HOST)";
				CODE_SIGN_STYLE = Automatic;
				CURRENT_PROJECT_VERSION = 1;
				GENERATE_INFOPLIST_FILE = YES;
				IPHONEOS_DEPLOYMENT_TARGET = 17.0;
				MARKETING_VERSION = 1.0;
				PRODUCT_BUNDLE_IDENTIFIER = Engell.EpisodeTests;
				PRODUCT_NAME = "$(TARGET_NAME)";
				SWIFT_EMIT_LOC_STRINGS = NO;
				SWIFT_VERSION = 5.0;
				TARGETED_DEVICE_FAMILY = "1,2";
				TEST_HOST = "$(BUILT_PRODUCTS_DIR)/Episode.app/$(BUNDLE_EXECUTABLE_FOLDER_PATH)/Episode";
			};
			name = Debug;
		};
		17C8C2662AE6C0C00070321E /* Release */ = {
			isa = XCBuildConfiguration;
			buildSettings = {
				ALWAYS_EMBED_SWIFT_STANDARD_LIBRARIES = YES;
				BUNDLE_LOADER = "$(TEST_HOST)";
				CODE_SIGN_STYLE = Automatic;
				CURRENT_PROJECT_VERSION = 1;
				GENERATE_INFOPLIST_FILE = YES;
				IPHONEOS_DEPLOYMENT_TARGET = 17.0;
				MARKETING_VERSION = 1.0;
				PRODUCT_BUNDLE_IDENTIFIER = Engell.EpisodeTests;
				PRODUCT_NAME = "$(TARGET_NAME)";
				SWIFT_EMIT_LOC_STRINGS = NO;
				SWIFT_VERSION = 5.0;
				TARGETED_DEVICE_FAMILY = "1,2";
				TEST_HOST = "$(BUILT_PRODUCTS_DIR)/Episode.app/$(BUNDLE_EXECUTABLE_FOLDER_PATH)/Episode";
			};
			name = Release;
		};
		17C8C2682AE6C0C00070321E /* Debug */ = {
			isa = XCBuildConfiguration;
			buildSettings = {
				ALWAYS_EMBED_SWIFT_STANDARD_LIBRARIES = YES;
				CODE_SIGN_STYLE = Automatic;
				CURRENT_PROJECT_VERSION = 1;
				GENERATE_INFOPLIST_FILE = YES;
				MARKETING_VERSION = 1.0;
				PRODUCT_BUNDLE_IDENTIFIER = Engell.EpisodeUITests;
				PRODUCT_NAME = "$(TARGET_NAME)";
				SWIFT_EMIT_LOC_STRINGS = NO;
				SWIFT_VERSION = 5.0;
				TARGETED_DEVICE_FAMILY = "1,2";
				TEST_TARGET_NAME = Episode;
			};
			name = Debug;
		};
		17C8C2692AE6C0C00070321E /* Release */ = {
			isa = XCBuildConfiguration;
			buildSettings = {
				ALWAYS_EMBED_SWIFT_STANDARD_LIBRARIES = YES;
				CODE_SIGN_STYLE = Automatic;
				CURRENT_PROJECT_VERSION = 1;
				GENERATE_INFOPLIST_FILE = YES;
				MARKETING_VERSION = 1.0;
				PRODUCT_BUNDLE_IDENTIFIER = Engell.EpisodeUITests;
				PRODUCT_NAME = "$(TARGET_NAME)";
				SWIFT_EMIT_LOC_STRINGS = NO;
				SWIFT_VERSION = 5.0;
				TARGETED_DEVICE_FAMILY = "1,2";
				TEST_TARGET_NAME = Episode;
			};
			name = Release;
		};
/* End XCBuildConfiguration section */

/* Begin XCConfigurationList section */
		17C8C2382AE6C0BE0070321E /* Build configuration list for PBXProject "Episode" */ = {
			isa = XCConfigurationList;
			buildConfigurations = (
				17C8C25F2AE6C0C00070321E /* Debug */,
				17C8C2602AE6C0C00070321E /* Release */,
			);
			defaultConfigurationIsVisible = 0;
			defaultConfigurationName = Release;
		};
		17C8C2612AE6C0C00070321E /* Build configuration list for PBXNativeTarget "Episode" */ = {
			isa = XCConfigurationList;
			buildConfigurations = (
				17C8C2622AE6C0C00070321E /* Debug */,
				17C8C2632AE6C0C00070321E /* Release */,
			);
			defaultConfigurationIsVisible = 0;
			defaultConfigurationName = Release;
		};
		17C8C2642AE6C0C00070321E /* Build configuration list for PBXNativeTarget "EpisodeTests" */ = {
			isa = XCConfigurationList;
			buildConfigurations = (
				17C8C2652AE6C0C00070321E /* Debug */,
				17C8C2662AE6C0C00070321E /* Release */,
			);
			defaultConfigurationIsVisible = 0;
			defaultConfigurationName = Release;
		};
		17C8C2672AE6C0C00070321E /* Build configuration list for PBXNativeTarget "EpisodeUITests" */ = {
			isa = XCConfigurationList;
			buildConfigurations = (
				17C8C2682AE6C0C00070321E /* Debug */,
				17C8C2692AE6C0C00070321E /* Release */,
			);
			defaultConfigurationIsVisible = 0;
			defaultConfigurationName = Release;
		};
/* End XCConfigurationList section */
	};
	rootObject = 17C8C2352AE6C0BE0070321E /* Project object */;
}
